
Microsoft Visual Studio Solution File, Format Version 12.00
# Visual Studio Version 16
VisualStudioVersion = 16.0.30114.105
MinimumVisualStudioVersion = 10.0.40219.1
Project("{FAE04EC0-301F-11D3-BF4B-00C04F79EFBC}") = "Tests", "Tests\Tests.csproj", "{A43ABB04-B7A7-4660-8BEE-F65867748DA1}"
EndProject
Project("{FAE04EC0-301F-11D3-BF4B-00C04F79EFBC}") = "program", "program\program.csproj", "{30DE2450-FDF0-4A7B-9422-B5850443F6B4}"
EndProject
Project("{FAE04EC0-301F-11D3-BF4B-00C04F79EFBC}") = "Domain", "Domain\Domain.csproj", "{8CBCCE61-AAA2-4358-8A74-B06A43F7D9DA}"
EndProject
Global
	GlobalSection(SolutionConfigurationPlatforms) = preSolution
		Debug|Any CPU = Debug|Any CPU
		Release|Any CPU = Release|Any CPU
	EndGlobalSection
	GlobalSection(SolutionProperties) = preSolution
		HideSolutionNode = FALSE
	EndGlobalSection
	GlobalSection(ProjectConfigurationPlatforms) = postSolution
		{A43ABB04-B7A7-4660-8BEE-F65867748DA1}.Debug|Any CPU.ActiveCfg = Debug|Any CPU
		{A43ABB04-B7A7-4660-8BEE-F65867748DA1}.Debug|Any CPU.Build.0 = Debug|Any CPU
		{A43ABB04-B7A7-4660-8BEE-F65867748DA1}.Release|Any CPU.ActiveCfg = Release|Any CPU
		{A43ABB04-B7A7-4660-8BEE-F65867748DA1}.Release|Any CPU.Build.0 = Release|Any CPU
		{30DE2450-FDF0-4A7B-9422-B5850443F6B4}.Debug|Any CPU.ActiveCfg = Debug|Any CPU
		{30DE2450-FDF0-4A7B-9422-B5850443F6B4}.Debug|Any CPU.Build.0 = Debug|Any CPU
		{30DE2450-FDF0-4A7B-9422-B5850443F6B4}.Release|Any CPU.ActiveCfg = Release|Any CPU
		{30DE2450-FDF0-4A7B-9422-B5850443F6B4}.Release|Any CPU.Build.0 = Release|Any CPU
		{8CBCCE61-AAA2-4358-8A74-B06A43F7D9DA}.Debug|Any CPU.ActiveCfg = Debug|Any CPU
		{8CBCCE61-AAA2-4358-8A74-B06A43F7D9DA}.Debug|Any CPU.Build.0 = Debug|Any CPU
		{8CBCCE61-AAA2-4358-8A74-B06A43F7D9DA}.Release|Any CPU.ActiveCfg = Release|Any CPU
		{8CBCCE61-AAA2-4358-8A74-B06A43F7D9DA}.Release|Any CPU.Build.0 = Release|Any CPU
	EndGlobalSection
EndGlobal
